// !$*UTF8*$!
{
	archiveVersion = 1;
	classes = {
	};
	objectVersion = 48;
	objects = {

/* Begin PBXBuildFile section */
		9C1101A62028B207009D1ECD /* AppDelegate.m in Sources */ = {isa = PBXBuildFile; fileRef = 9C1101A52028B207009D1ECD /* AppDelegate.m */; };
		9C1101A92028B207009D1ECD /* ViewController.m in Sources */ = {isa = PBXBuildFile; fileRef = 9C1101A82028B207009D1ECD /* ViewController.m */; };
		9C1101AC2028B207009D1ECD /* Main.storyboard in Resources */ = {isa = PBXBuildFile; fileRef = 9C1101AA2028B207009D1ECD /* Main.storyboard */; };
		9C1101AE2028B207009D1ECD /* Assets.xcassets in Resources */ = {isa = PBXBuildFile; fileRef = 9C1101AD2028B207009D1ECD /* Assets.xcassets */; };
		9C1101B12028B207009D1ECD /* LaunchScreen.storyboard in Resources */ = {isa = PBXBuildFile; fileRef = 9C1101AF2028B207009D1ECD /* LaunchScreen.storyboard */; };
		9C1101B42028B207009D1ECD /* main.m in Sources */ = {isa = PBXBuildFile; fileRef = 9C1101B32028B207009D1ECD /* main.m */; };
		9C1101BC2028B219009D1ECD /* SystemConfiguration.framework in Frameworks */ = {isa = PBXBuildFile; fileRef = 9C1101BB2028B219009D1ECD /* SystemConfiguration.framework */; };
		9C1101BE2028B21E009D1ECD /* WebKit.framework in Frameworks */ = {isa = PBXBuildFile; fileRef = 9C1101BD2028B21E009D1ECD /* WebKit.framework */; };
		9CD49983203A7E09000374B3 /* LocusLabsSDK.bundle in Resources */ = {isa = PBXBuildFile; fileRef = 9CD49982203A7E09000374B3 /* LocusLabsSDK.bundle */; };
		9CD49985203A7E15000374B3 /* LocusLabsSDK.framework in Frameworks */ = {isa = PBXBuildFile; fileRef = 9CD49984203A7E15000374B3 /* LocusLabsSDK.framework */; };
		9CDE1A102031D4C500C25678 /* Localizations.strings in Resources */ = {isa = PBXBuildFile; fileRef = 9CDE1A122031D4C500C25678 /* Localizations.strings */; };
/* End PBXBuildFile section */

/* Begin PBXFileReference section */
		9C1101A12028B207009D1ECD /* Localization.app */ = {isa = PBXFileReference; explicitFileType = wrapper.application; includeInIndex = 0; path = Localization.app; sourceTree = BUILT_PRODUCTS_DIR; };
		9C1101A42028B207009D1ECD /* AppDelegate.h */ = {isa = PBXFileReference; lastKnownFileType = sourcecode.c.h; path = AppDelegate.h; sourceTree = "<group>"; };
		9C1101A52028B207009D1ECD /* AppDelegate.m */ = {isa = PBXFileReference; lastKnownFileType = sourcecode.c.objc; path = AppDelegate.m; sourceTree = "<group>"; };
		9C1101A72028B207009D1ECD /* ViewController.h */ = {isa = PBXFileReference; lastKnownFileType = sourcecode.c.h; path = ViewController.h; sourceTree = "<group>"; };
		9C1101A82028B207009D1ECD /* ViewController.m */ = {isa = PBXFileReference; lastKnownFileType = sourcecode.c.objc; path = ViewController.m; sourceTree = "<group>"; };
		9C1101AB2028B207009D1ECD /* Base */ = {isa = PBXFileReference; lastKnownFileType = file.storyboard; name = Base; path = Base.lproj/Main.storyboard; sourceTree = "<group>"; };
		9C1101AD2028B207009D1ECD /* Assets.xcassets */ = {isa = PBXFileReference; lastKnownFileType = folder.assetcatalog; path = Assets.xcassets; sourceTree = "<group>"; };
		9C1101B02028B207009D1ECD /* Base */ = {isa = PBXFileReference; lastKnownFileType = file.storyboard; name = Base; path = Base.lproj/LaunchScreen.storyboard; sourceTree = "<group>"; };
		9C1101B22028B207009D1ECD /* Info.plist */ = {isa = PBXFileReference; lastKnownFileType = text.plist.xml; path = Info.plist; sourceTree = "<group>"; };
		9C1101B32028B207009D1ECD /* main.m */ = {isa = PBXFileReference; lastKnownFileType = sourcecode.c.objc; path = main.m; sourceTree = "<group>"; };
		9C1101BB2028B219009D1ECD /* SystemConfiguration.framework */ = {isa = PBXFileReference; lastKnownFileType = wrapper.framework; name = SystemConfiguration.framework; path = System/Library/Frameworks/SystemConfiguration.framework; sourceTree = SDKROOT; };
		9C1101BD2028B21E009D1ECD /* WebKit.framework */ = {isa = PBXFileReference; lastKnownFileType = wrapper.framework; name = WebKit.framework; path = System/Library/Frameworks/WebKit.framework; sourceTree = SDKROOT; };
		9CD49982203A7E09000374B3 /* LocusLabsSDK.bundle */ = {isa = PBXFileReference; lastKnownFileType = "wrapper.plug-in"; name = LocusLabsSDK.bundle; path = ../../../LocusLabsSDK.bundle; sourceTree = "<group>"; };
		9CD49984203A7E15000374B3 /* LocusLabsSDK.framework */ = {isa = PBXFileReference; lastKnownFileType = wrapper.framework; name = LocusLabsSDK.framework; path = ../../LocusLabsSDK.framework; sourceTree = "<group>"; };
		9CDE1A112031D4C500C25678 /* en */ = {isa = PBXFileReference; lastKnownFileType = text.plist.strings; name = en; path = en.lproj/Localizations.strings; sourceTree = "<group>"; };
		9CDE1A142031D80000C25678 /* fr */ = {isa = PBXFileReference; lastKnownFileType = text.plist.strings; name = fr; path = fr.lproj/Localizations.strings; sourceTree = "<group>"; };
/* End PBXFileReference section */

/* Begin PBXFrameworksBuildPhase section */
		9C11019E2028B207009D1ECD /* Frameworks */ = {
			isa = PBXFrameworksBuildPhase;
			buildActionMask = 2147483647;
			files = (
				9CD49985203A7E15000374B3 /* LocusLabsSDK.framework in Frameworks */,
				9C1101BE2028B21E009D1ECD /* WebKit.framework in Frameworks */,
				9C1101BC2028B219009D1ECD /* SystemConfiguration.framework in Frameworks */,
			);
			runOnlyForDeploymentPostprocessing = 0;
		};
/* End PBXFrameworksBuildPhase section */

/* Begin PBXGroup section */
		9C1101982028B207009D1ECD = {
			isa = PBXGroup;
			children = (
				9C1101A32028B207009D1ECD /* Localization */,
				9C1101A22028B207009D1ECD /* Products */,
				9C1101BA2028B219009D1ECD /* Frameworks */,
			);
			sourceTree = "<group>";
		};
		9C1101A22028B207009D1ECD /* Products */ = {
			isa = PBXGroup;
			children = (
				9C1101A12028B207009D1ECD /* Localization.app */,
			);
			name = Products;
			sourceTree = "<group>";
		};
		9C1101A32028B207009D1ECD /* Localization */ = {
			isa = PBXGroup;
			children = (
				9C1101A42028B207009D1ECD /* AppDelegate.h */,
				9C1101A52028B207009D1ECD /* AppDelegate.m */,
				9C1101A72028B207009D1ECD /* ViewController.h */,
				9C1101A82028B207009D1ECD /* ViewController.m */,
				9C1101AA2028B207009D1ECD /* Main.storyboard */,
				9C1101AD2028B207009D1ECD /* Assets.xcassets */,
				9C1101AF2028B207009D1ECD /* LaunchScreen.storyboard */,
				9C1101B22028B207009D1ECD /* Info.plist */,
				9C1101B32028B207009D1ECD /* main.m */,
				9CDE1A122031D4C500C25678 /* Localizations.strings */,
				9CD49982203A7E09000374B3 /* LocusLabsSDK.bundle */,
			);
			path = Localization;
			sourceTree = "<group>";
		};
		9C1101BA2028B219009D1ECD /* Frameworks */ = {
			isa = PBXGroup;
			children = (
				9CD49984203A7E15000374B3 /* LocusLabsSDK.framework */,
				9C1101BD2028B21E009D1ECD /* WebKit.framework */,
				9C1101BB2028B219009D1ECD /* SystemConfiguration.framework */,
			);
			name = Frameworks;
			sourceTree = "<group>";
		};
/* End PBXGroup section */

/* Begin PBXNativeTarget section */
		9C1101A02028B207009D1ECD /* Localization */ = {
			isa = PBXNativeTarget;
			buildConfigurationList = 9C1101B72028B207009D1ECD /* Build configuration list for PBXNativeTarget "Localization" */;
			buildPhases = (
				9C11019D2028B207009D1ECD /* Sources */,
				9C11019E2028B207009D1ECD /* Frameworks */,
				9C11019F2028B207009D1ECD /* Resources */,
			);
			buildRules = (
			);
			dependencies = (
			);
			name = Localization;
			productName = UserPosition;
			productReference = 9C1101A12028B207009D1ECD /* Localization.app */;
			productType = "com.apple.product-type.application";
		};
/* End PBXNativeTarget section */

/* Begin PBXProject section */
		9C1101992028B207009D1ECD /* Project object */ = {
			isa = PBXProject;
			attributes = {
				LastUpgradeCheck = 0920;
				ORGANIZATIONNAME = LocusLabs;
				TargetAttributes = {
					9C1101A02028B207009D1ECD = {
						CreatedOnToolsVersion = 9.2;
						ProvisioningStyle = Automatic;
					};
				};
			};
			buildConfigurationList = 9C11019C2028B207009D1ECD /* Build configuration list for PBXProject "Localization" */;
			compatibilityVersion = "Xcode 8.0";
			developmentRegion = en;
			hasScannedForEncodings = 0;
			knownRegions = (
				en,
				Base,
				fr,
			);
			mainGroup = 9C1101982028B207009D1ECD;
			productRefGroup = 9C1101A22028B207009D1ECD /* Products */;
			projectDirPath = "";
			projectRoot = "";
			targets = (
				9C1101A02028B207009D1ECD /* Localization */,
			);
		};
/* End PBXProject section */

/* Begin PBXResourcesBuildPhase section */
		9C11019F2028B207009D1ECD /* Resources */ = {
			isa = PBXResourcesBuildPhase;
			buildActionMask = 2147483647;
			files = (
				9CDE1A102031D4C500C25678 /* Localizations.strings in Resources */,
				9C1101B12028B207009D1ECD /* LaunchScreen.storyboard in Resources */,
				9C1101AE2028B207009D1ECD /* Assets.xcassets in Resources */,
				9CD49983203A7E09000374B3 /* LocusLabsSDK.bundle in Resources */,
				9C1101AC2028B207009D1ECD /* Main.storyboard in Resources */,
			);
			runOnlyForDeploymentPostprocessing = 0;
		};
/* End PBXResourcesBuildPhase section */

/* Begin PBXSourcesBuildPhase section */
		9C11019D2028B207009D1ECD /* Sources */ = {
			isa = PBXSourcesBuildPhase;
			buildActionMask = 2147483647;
			files = (
				9C1101A92028B207009D1ECD /* ViewController.m in Sources */,
				9C1101B42028B207009D1ECD /* main.m in Sources */,
				9C1101A62028B207009D1ECD /* AppDelegate.m in Sources */,
			);
			runOnlyForDeploymentPostprocessing = 0;
		};
/* End PBXSourcesBuildPhase section */

/* Begin PBXVariantGroup section */
		9C1101AA2028B207009D1ECD /* Main.storyboard */ = {
			isa = PBXVariantGroup;
			children = (
				9C1101AB2028B207009D1ECD /* Base */,
			);
			name = Main.storyboard;
			sourceTree = "<group>";
		};
		9C1101AF2028B207009D1ECD /* LaunchScreen.storyboard */ = {
			isa = PBXVariantGroup;
			children = (
				9C1101B02028B207009D1ECD /* Base */,
			);
			name = LaunchScreen.storyboard;
			sourceTree = "<group>";
		};
		9CDE1A122031D4C500C25678 /* Localizations.strings */ = {
			isa = PBXVariantGroup;
			children = (
				9CDE1A112031D4C500C25678 /* en */,
				9CDE1A142031D80000C25678 /* fr */,
			);
			name = Localizations.strings;
			sourceTree = "<group>";
		};
/* End PBXVariantGroup section */

/* Begin XCBuildConfiguration section */
		9C1101B52028B207009D1ECD /* Debug */ = {
			isa = XCBuildConfiguration;
			buildSettings = {
				ALWAYS_SEARCH_USER_PATHS = NO;
				CLANG_ANALYZER_LOCALIZABILITY_NONLOCALIZED = YES;
				CLANG_ANALYZER_NONNULL = YES;
				CLANG_ANALYZER_NUMBER_OBJECT_CONVERSION = YES_AGGRESSIVE;
				CLANG_CXX_LANGUAGE_STANDARD = "gnu++14";
				CLANG_CXX_LIBRARY = "libc++";
				CLANG_ENABLE_MODULES = YES;
				CLANG_ENABLE_OBJC_ARC = YES;
				CLANG_WARN_BLOCK_CAPTURE_AUTORELEASING = YES;
				CLANG_WARN_BOOL_CONVERSION = YES;
				CLANG_WARN_COMMA = YES;
				CLANG_WARN_CONSTANT_CONVERSION = YES;
				CLANG_WARN_DIRECT_OBJC_ISA_USAGE = YES_ERROR;
				CLANG_WARN_DOCUMENTATION_COMMENTS = YES;
				CLANG_WARN_EMPTY_BODY = YES;
				CLANG_WARN_ENUM_CONVERSION = YES;
				CLANG_WARN_INFINITE_RECURSION = YES;
				CLANG_WARN_INT_CONVERSION = YES;
				CLANG_WARN_NON_LITERAL_NULL_CONVERSION = YES;
				CLANG_WARN_OBJC_LITERAL_CONVERSION = YES;
				CLANG_WARN_OBJC_ROOT_CLASS = YES_ERROR;
				CLANG_WARN_RANGE_LOOP_ANALYSIS = YES;
				CLANG_WARN_STRICT_PROTOTYPES = YES;
				CLANG_WARN_SUSPICIOUS_MOVE = YES;
				CLANG_WARN_UNGUARDED_AVAILABILITY = YES_AGGRESSIVE;
				CLANG_WARN_UNREACHABLE_CODE = YES;
				CLANG_WARN__DUPLICATE_METHOD_MATCH = YES;
				CODE_SIGN_IDENTITY = "iPhone Developer";
				COPY_PHASE_STRIP = NO;
				DEBUG_INFORMATION_FORMAT = dwarf;
				ENABLE_STRICT_OBJC_MSGSEND = YES;
				ENABLE_TESTABILITY = YES;
				GCC_C_LANGUAGE_STANDARD = gnu11;
				GCC_DYNAMIC_NO_PIC = NO;
				GCC_NO_COMMON_BLOCKS = YES;
				GCC_OPTIMIZATION_LEVEL = 0;
				GCC_PREPROCESSOR_DEFINITIONS = (
					"DEBUG=1",
					"$(inherited)",
				);
				GCC_WARN_64_TO_32_BIT_CONVERSION = YES;
				GCC_WARN_ABOUT_RETURN_TYPE = YES_ERROR;
				GCC_WARN_UNDECLARED_SELECTOR = YES;
				GCC_WARN_UNINITIALIZED_AUTOS = YES_AGGRESSIVE;
				GCC_WARN_UNUSED_FUNCTION = YES;
				GCC_WARN_UNUSED_VARIABLE = YES;
				IPHONEOS_DEPLOYMENT_TARGET = 11.2;
				MTL_ENABLE_DEBUG_INFO = YES;
				ONLY_ACTIVE_ARCH = YES;
				SDKROOT = iphoneos;
			};
			name = Debug;
		};
		9C1101B62028B207009D1ECD /* Release */ = {
			isa = XCBuildConfiguration;
			buildSettings = {
				ALWAYS_SEARCH_USER_PATHS = NO;
				CLANG_ANALYZER_LOCALIZABILITY_NONLOCALIZED = YES;
				CLANG_ANALYZER_NONNULL = YES;
				CLANG_ANALYZER_NUMBER_OBJECT_CONVERSION = YES_AGGRESSIVE;
				CLANG_CXX_LANGUAGE_STANDARD = "gnu++14";
				CLANG_CXX_LIBRARY = "libc++";
				CLANG_ENABLE_MODULES = YES;
				CLANG_ENABLE_OBJC_ARC = YES;
				CLANG_WARN_BLOCK_CAPTURE_AUTORELEASING = YES;
				CLANG_WARN_BOOL_CONVERSION = YES;
				CLANG_WARN_COMMA = YES;
				CLANG_WARN_CONSTANT_CONVERSION = YES;
				CLANG_WARN_DIRECT_OBJC_ISA_USAGE = YES_ERROR;
				CLANG_WARN_DOCUMENTATION_COMMENTS = YES;
				CLANG_WARN_EMPTY_BODY = YES;
				CLANG_WARN_ENUM_CONVERSION = YES;
				CLANG_WARN_INFINITE_RECURSION = YES;
				CLANG_WARN_INT_CONVERSION = YES;
				CLANG_WARN_NON_LITERAL_NULL_CONVERSION = YES;
				CLANG_WARN_OBJC_LITERAL_CONVERSION = YES;
				CLANG_WARN_OBJC_ROOT_CLASS = YES_ERROR;
				CLANG_WARN_RANGE_LOOP_ANALYSIS = YES;
				CLANG_WARN_STRICT_PROTOTYPES = YES;
				CLANG_WARN_SUSPICIOUS_MOVE = YES;
				CLANG_WARN_UNGUARDED_AVAILABILITY = YES_AGGRESSIVE;
				CLANG_WARN_UNREACHABLE_CODE = YES;
				CLANG_WARN__DUPLICATE_METHOD_MATCH = YES;
				CODE_SIGN_IDENTITY = "iPhone Developer";
				COPY_PHASE_STRIP = NO;
				DEBUG_INFORMATION_FORMAT = "dwarf-with-dsym";
				ENABLE_NS_ASSERTIONS = NO;
				ENABLE_STRICT_OBJC_MSGSEND = YES;
				GCC_C_LANGUAGE_STANDARD = gnu11;
				GCC_NO_COMMON_BLOCKS = YES;
				GCC_WARN_64_TO_32_BIT_CONVERSION = YES;
				GCC_WARN_ABOUT_RETURN_TYPE = YES_ERROR;
				GCC_WARN_UNDECLARED_SELECTOR = YES;
				GCC_WARN_UNINITIALIZED_AUTOS = YES_AGGRESSIVE;
				GCC_WARN_UNUSED_FUNCTION = YES;
				GCC_WARN_UNUSED_VARIABLE = YES;
				IPHONEOS_DEPLOYMENT_TARGET = 11.2;
				MTL_ENABLE_DEBUG_INFO = NO;
				SDKROOT = iphoneos;
				VALIDATE_PRODUCT = YES;
			};
			name = Release;
		};
		9C1101B82028B207009D1ECD /* Debug */ = {
			isa = XCBuildConfiguration;
			buildSettings = {
				ASSETCATALOG_COMPILER_APPICON_NAME = AppIcon;
				CODE_SIGN_STYLE = Automatic;
				DEVELOPMENT_TEAM = "";
				FRAMEWORK_SEARCH_PATHS = (
					"$(SRCROOT)/../..",
					"$(PROJECT_DIR)",
				);
				INFOPLIST_FILE = "$(SRCROOT)/Localization/Info.plist";
				LD_RUNPATH_SEARCH_PATHS = "$(inherited) @executable_path/Frameworks";
				OTHER_LDFLAGS = "-ObjC";
				PRODUCT_BUNDLE_IDENTIFIER = com.locuslabs.UserPosition;
				PRODUCT_NAME = "$(TARGET_NAME)";
				TARGETED_DEVICE_FAMILY = "1,2";
			};
			name = Debug;
		};
		9C1101B92028B207009D1ECD /* Release */ = {
			isa = XCBuildConfiguration;
			buildSettings = {
				ASSETCATALOG_COMPILER_APPICON_NAME = AppIcon;
				CODE_SIGN_STYLE = Automatic;
				DEVELOPMENT_TEAM = "";
				FRAMEWORK_SEARCH_PATHS = (
					"$(SRCROOT)/../..",
					"$(PROJECT_DIR)",
				);
				INFOPLIST_FILE = "$(SRCROOT)/Localization/Info.plist";
				LD_RUNPATH_SEARCH_PATHS = "$(inherited) @executable_path/Frameworks";
				OTHER_LDFLAGS = "-ObjC";
				PRODUCT_BUNDLE_IDENTIFIER = com.locuslabs.UserPosition;
				PRODUCT_NAME = "$(TARGET_NAME)";
				TARGETED_DEVICE_FAMILY = "1,2";
			};
			name = Release;
		};
/* End XCBuildConfiguration section */

/* Begin XCConfigurationList section */
		9C11019C2028B207009D1ECD /* Build configuration list for PBXProject "Localization" */ = {
			isa = XCConfigurationList;
			buildConfigurations = (
				9C1101B52028B207009D1ECD /* Debug */,
				9C1101B62028B207009D1ECD /* Release */,
			);
			defaultConfigurationIsVisible = 0;
			defaultConfigurationName = Release;
		};
		9C1101B72028B207009D1ECD /* Build configuration list for PBXNativeTarget "Localization" */ = {
			isa = XCConfigurationList;
			buildConfigurations = (
				9C1101B82028B207009D1ECD /* Debug */,
				9C1101B92028B207009D1ECD /* Release */,
			);
			defaultConfigurationIsVisible = 0;
			defaultConfigurationName = Release;
		};
/* End XCConfigurationList section */
	};
	rootObject = 9C1101992028B207009D1ECD /* Project object */;
}
