// !$*UTF8*$!
{
	archiveVersion = 1;
	classes = {
	};
	objectVersion = 48;
	objects = {

/* Begin PBXBuildFile section */
		9C1B00112021E2F30077CC26 /* AppDelegate.swift in Sources */ = {isa = PBXBuildFile; fileRef = 9C1B00102021E2F30077CC26 /* AppDelegate.swift */; };
		9C1B00132021E2F30077CC26 /* ViewController.swift in Sources */ = {isa = PBXBuildFile; fileRef = 9C1B00122021E2F30077CC26 /* ViewController.swift */; };
		9C1B00162021E2F30077CC26 /* Main.storyboard in Resources */ = {isa = PBXBuildFile; fileRef = 9C1B00142021E2F30077CC26 /* Main.storyboard */; };
		9C1B00182021E2F30077CC26 /* Assets.xcassets in Resources */ = {isa = PBXBuildFile; fileRef = 9C1B00172021E2F30077CC26 /* Assets.xcassets */; };
		9C1B001B2021E2F30077CC26 /* LaunchScreen.storyboard in Resources */ = {isa = PBXBuildFile; fileRef = 9C1B00192021E2F30077CC26 /* LaunchScreen.storyboard */; };
		9C1B00242021E3000077CC26 /* SystemConfiguration.framework in Frameworks */ = {isa = PBXBuildFile; fileRef = 9C1B00232021E2FF0077CC26 /* SystemConfiguration.framework */; };
		9C1B00262021E3040077CC26 /* WebKit.framework in Frameworks */ = {isa = PBXBuildFile; fileRef = 9C1B00252021E3040077CC26 /* WebKit.framework */; };
		9C1B00282021E3200077CC26 /* LocusLabsSDK.framework in Frameworks */ = {isa = PBXBuildFile; fileRef = 9C1B00272021E3200077CC26 /* LocusLabsSDK.framework */; };
		9C1B002A2021E3240077CC26 /* LocusLabsSDK.bundle in Resources */ = {isa = PBXBuildFile; fileRef = 9C1B00292021E3240077CC26 /* LocusLabsSDK.bundle */; };
/* End PBXBuildFile section */

/* Begin PBXFileReference section */
		9C1B000D2021E2F30077CC26 /* UserPositionSimulatedSwift.app */ = {isa = PBXFileReference; explicitFileType = wrapper.application; includeInIndex = 0; path = UserPositionSimulatedSwift.app; sourceTree = BUILT_PRODUCTS_DIR; };
		9C1B00102021E2F30077CC26 /* AppDelegate.swift */ = {isa = PBXFileReference; lastKnownFileType = sourcecode.swift; path = AppDelegate.swift; sourceTree = "<group>"; };
		9C1B00122021E2F30077CC26 /* ViewController.swift */ = {isa = PBXFileReference; lastKnownFileType = sourcecode.swift; path = ViewController.swift; sourceTree = "<group>"; };
		9C1B00152021E2F30077CC26 /* Base */ = {isa = PBXFileReference; lastKnownFileType = file.storyboard; name = Base; path = Base.lproj/Main.storyboard; sourceTree = "<group>"; };
		9C1B00172021E2F30077CC26 /* Assets.xcassets */ = {isa = PBXFileReference; lastKnownFileType = folder.assetcatalog; path = Assets.xcassets; sourceTree = "<group>"; };
		9C1B001A2021E2F30077CC26 /* Base */ = {isa = PBXFileReference; lastKnownFileType = file.storyboard; name = Base; path = Base.lproj/LaunchScreen.storyboard; sourceTree = "<group>"; };
		9C1B001C2021E2F30077CC26 /* Info.plist */ = {isa = PBXFileReference; lastKnownFileType = text.plist.xml; path = Info.plist; sourceTree = "<group>"; };
		9C1B00232021E2FF0077CC26 /* SystemConfiguration.framework */ = {isa = PBXFileReference; lastKnownFileType = wrapper.framework; name = SystemConfiguration.framework; path = System/Library/Frameworks/SystemConfiguration.framework; sourceTree = SDKROOT; };
		9C1B00252021E3040077CC26 /* WebKit.framework */ = {isa = PBXFileReference; lastKnownFileType = wrapper.framework; name = WebKit.framework; path = System/Library/Frameworks/WebKit.framework; sourceTree = SDKROOT; };
		9C1B00272021E3200077CC26 /* LocusLabsSDK.framework */ = {isa = PBXFileReference; lastKnownFileType = wrapper.framework; name = LocusLabsSDK.framework; path = ../../LocusLabsSDK.framework; sourceTree = "<group>"; };
		9C1B00292021E3240077CC26 /* LocusLabsSDK.bundle */ = {isa = PBXFileReference; lastKnownFileType = "wrapper.plug-in"; name = LocusLabsSDK.bundle; path = ../../../LocusLabsSDK.bundle; sourceTree = "<group>"; };
		9C1B002B2021E3A70077CC26 /* Swift-Bridge.h */ = {isa = PBXFileReference; lastKnownFileType = sourcecode.c.h; path = "Swift-Bridge.h"; sourceTree = "<group>"; };
/* End PBXFileReference section */

/* Begin PBXFrameworksBuildPhase section */
		9C1B000A2021E2F30077CC26 /* Frameworks */ = {
			isa = PBXFrameworksBuildPhase;
			buildActionMask = 2147483647;
			files = (
				9C1B00282021E3200077CC26 /* LocusLabsSDK.framework in Frameworks */,
				9C1B00262021E3040077CC26 /* WebKit.framework in Frameworks */,
				9C1B00242021E3000077CC26 /* SystemConfiguration.framework in Frameworks */,
			);
			runOnlyForDeploymentPostprocessing = 0;
		};
/* End PBXFrameworksBuildPhase section */

/* Begin PBXGroup section */
		9C1B00042021E2F30077CC26 = {
			isa = PBXGroup;
			children = (
				9C1B000F2021E2F30077CC26 /* UserPositionSimulatedSwift */,
				9C1B000E2021E2F30077CC26 /* Products */,
				9C1B00222021E2FF0077CC26 /* Frameworks */,
			);
			sourceTree = "<group>";
		};
		9C1B000E2021E2F30077CC26 /* Products */ = {
			isa = PBXGroup;
			children = (
				9C1B000D2021E2F30077CC26 /* UserPositionSimulatedSwift.app */,
			);
			name = Products;
			sourceTree = "<group>";
		};
		9C1B000F2021E2F30077CC26 /* UserPositionSimulatedSwift */ = {
			isa = PBXGroup;
			children = (
				9C1B00102021E2F30077CC26 /* AppDelegate.swift */,
				9C1B00122021E2F30077CC26 /* ViewController.swift */,
				9C1B00142021E2F30077CC26 /* Main.storyboard */,
				9C1B00172021E2F30077CC26 /* Assets.xcassets */,
				9C1B00192021E2F30077CC26 /* LaunchScreen.storyboard */,
				9C1B001C2021E2F30077CC26 /* Info.plist */,
				9C1B00292021E3240077CC26 /* LocusLabsSDK.bundle */,
				9C1B002B2021E3A70077CC26 /* Swift-Bridge.h */,
			);
			path = UserPositionSimulatedSwift;
			sourceTree = "<group>";
		};
		9C1B00222021E2FF0077CC26 /* Frameworks */ = {
			isa = PBXGroup;
			children = (
				9C1B00272021E3200077CC26 /* LocusLabsSDK.framework */,
				9C1B00252021E3040077CC26 /* WebKit.framework */,
				9C1B00232021E2FF0077CC26 /* SystemConfiguration.framework */,
			);
			name = Frameworks;
			sourceTree = "<group>";
		};
/* End PBXGroup section */

/* Begin PBXNativeTarget section */
		9C1B000C2021E2F30077CC26 /* UserPositionSimulatedSwift */ = {
			isa = PBXNativeTarget;
			buildConfigurationList = 9C1B001F2021E2F30077CC26 /* Build configuration list for PBXNativeTarget "UserPositionSimulatedSwift" */;
			buildPhases = (
				9C1B00092021E2F30077CC26 /* Sources */,
				9C1B000A2021E2F30077CC26 /* Frameworks */,
				9C1B000B2021E2F30077CC26 /* Resources */,
			);
			buildRules = (
			);
			dependencies = (
			);
			name = UserPositionSimulatedSwift;
			productName = ShowFullScreenMapSwift;
			productReference = 9C1B000D2021E2F30077CC26 /* UserPositionSimulatedSwift.app */;
			productType = "com.apple.product-type.application";
		};
/* End PBXNativeTarget section */

/* Begin PBXProject section */
		9C1B00052021E2F30077CC26 /* Project object */ = {
			isa = PBXProject;
			attributes = {
				LastSwiftUpdateCheck = 0920;
				LastUpgradeCheck = 0920;
				ORGANIZATIONNAME = LocusLabs;
				TargetAttributes = {
					9C1B000C2021E2F30077CC26 = {
						CreatedOnToolsVersion = 9.2;
						ProvisioningStyle = Automatic;
					};
				};
			};
			buildConfigurationList = 9C1B00082021E2F30077CC26 /* Build configuration list for PBXProject "UserPositionSimulatedSwift" */;
			compatibilityVersion = "Xcode 8.0";
			developmentRegion = en;
			hasScannedForEncodings = 0;
			knownRegions = (
				en,
				Base,
			);
			mainGroup = 9C1B00042021E2F30077CC26;
			productRefGroup = 9C1B000E2021E2F30077CC26 /* Products */;
			projectDirPath = "";
			projectRoot = "";
			targets = (
				9C1B000C2021E2F30077CC26 /* UserPositionSimulatedSwift */,
			);
		};
/* End PBXProject section */

/* Begin PBXResourcesBuildPhase section */
		9C1B000B2021E2F30077CC26 /* Resources */ = {
			isa = PBXResourcesBuildPhase;
			buildActionMask = 2147483647;
			files = (
				9C1B001B2021E2F30077CC26 /* LaunchScreen.storyboard in Resources */,
				9C1B002A2021E3240077CC26 /* LocusLabsSDK.bundle in Resources */,
				9C1B00182021E2F30077CC26 /* Assets.xcassets in Resources */,
				9C1B00162021E2F30077CC26 /* Main.storyboard in Resources */,
			);
			runOnlyForDeploymentPostprocessing = 0;
		};
/* End PBXResourcesBuildPhase section */

/* Begin PBXSourcesBuildPhase section */
		9C1B00092021E2F30077CC26 /* Sources */ = {
			isa = PBXSourcesBuildPhase;
			buildActionMask = 2147483647;
			files = (
				9C1B00132021E2F30077CC26 /* ViewController.swift in Sources */,
				9C1B00112021E2F30077CC26 /* AppDelegate.swift in Sources */,
			);
			runOnlyForDeploymentPostprocessing = 0;
		};
/* End PBXSourcesBuildPhase section */

/* Begin PBXVariantGroup section */
		9C1B00142021E2F30077CC26 /* Main.storyboard */ = {
			isa = PBXVariantGroup;
			children = (
				9C1B00152021E2F30077CC26 /* Base */,
			);
			name = Main.storyboard;
			sourceTree = "<group>";
		};
		9C1B00192021E2F30077CC26 /* LaunchScreen.storyboard */ = {
			isa = PBXVariantGroup;
			children = (
				9C1B001A2021E2F30077CC26 /* Base */,
			);
			name = LaunchScreen.storyboard;
			sourceTree = "<group>";
		};
/* End PBXVariantGroup section */

/* Begin XCBuildConfiguration section */
		9C1B001D2021E2F30077CC26 /* Debug */ = {
			isa = XCBuildConfiguration;
			buildSettings = {
				ALWAYS_SEARCH_USER_PATHS = NO;
				CLANG_ANALYZER_NONNULL = YES;
				CLANG_ANALYZER_NUMBER_OBJECT_CONVERSION = YES_AGGRESSIVE;
				CLANG_CXX_LANGUAGE_STANDARD = "gnu++14";
				CLANG_CXX_LIBRARY = "libc++";
				CLANG_ENABLE_MODULES = YES;
				CLANG_ENABLE_OBJC_ARC = YES;
				CLANG_WARN_BLOCK_CAPTURE_AUTORELEASING = YES;
				CLANG_WARN_BOOL_CONVERSION = YES;
				CLANG_WARN_COMMA = YES;
				CLANG_WARN_CONSTANT_CONVERSION = YES;
				CLANG_WARN_DIRECT_OBJC_ISA_USAGE = YES_ERROR;
				CLANG_WARN_DOCUMENTATION_COMMENTS = YES;
				CLANG_WARN_EMPTY_BODY = YES;
				CLANG_WARN_ENUM_CONVERSION = YES;
				CLANG_WARN_INFINITE_RECURSION = YES;
				CLANG_WARN_INT_CONVERSION = YES;
				CLANG_WARN_NON_LITERAL_NULL_CONVERSION = YES;
				CLANG_WARN_OBJC_LITERAL_CONVERSION = YES;
				CLANG_WARN_OBJC_ROOT_CLASS = YES_ERROR;
				CLANG_WARN_RANGE_LOOP_ANALYSIS = YES;
				CLANG_WARN_STRICT_PROTOTYPES = YES;
				CLANG_WARN_SUSPICIOUS_MOVE = YES;
				CLANG_WARN_UNGUARDED_AVAILABILITY = YES_AGGRESSIVE;
				CLANG_WARN_UNREACHABLE_CODE = YES;
				CLANG_WARN__DUPLICATE_METHOD_MATCH = YES;
				CODE_SIGN_IDENTITY = "iPhone Developer";
				COPY_PHASE_STRIP = NO;
				DEBUG_INFORMATION_FORMAT = dwarf;
				ENABLE_STRICT_OBJC_MSGSEND = YES;
				ENABLE_TESTABILITY = YES;
				GCC_C_LANGUAGE_STANDARD = gnu11;
				GCC_DYNAMIC_NO_PIC = NO;
				GCC_NO_COMMON_BLOCKS = YES;
				GCC_OPTIMIZATION_LEVEL = 0;
				GCC_PREPROCESSOR_DEFINITIONS = (
					"DEBUG=1",
					"$(inherited)",
				);
				GCC_WARN_64_TO_32_BIT_CONVERSION = YES;
				GCC_WARN_ABOUT_RETURN_TYPE = YES_ERROR;
				GCC_WARN_UNDECLARED_SELECTOR = YES;
				GCC_WARN_UNINITIALIZED_AUTOS = YES_AGGRESSIVE;
				GCC_WARN_UNUSED_FUNCTION = YES;
				GCC_WARN_UNUSED_VARIABLE = YES;
				IPHONEOS_DEPLOYMENT_TARGET = 11.2;
				MTL_ENABLE_DEBUG_INFO = YES;
				ONLY_ACTIVE_ARCH = YES;
				SDKROOT = iphoneos;
				SWIFT_ACTIVE_COMPILATION_CONDITIONS = DEBUG;
				SWIFT_OPTIMIZATION_LEVEL = "-Onone";
			};
			name = Debug;
		};
		9C1B001E2021E2F30077CC26 /* Release */ = {
			isa = XCBuildConfiguration;
			buildSettings = {
				ALWAYS_SEARCH_USER_PATHS = NO;
				CLANG_ANALYZER_NONNULL = YES;
				CLANG_ANALYZER_NUMBER_OBJECT_CONVERSION = YES_AGGRESSIVE;
				CLANG_CXX_LANGUAGE_STANDARD = "gnu++14";
				CLANG_CXX_LIBRARY = "libc++";
				CLANG_ENABLE_MODULES = YES;
				CLANG_ENABLE_OBJC_ARC = YES;
				CLANG_WARN_BLOCK_CAPTURE_AUTORELEASING = YES;
				CLANG_WARN_BOOL_CONVERSION = YES;
				CLANG_WARN_COMMA = YES;
				CLANG_WARN_CONSTANT_CONVERSION = YES;
				CLANG_WARN_DIRECT_OBJC_ISA_USAGE = YES_ERROR;
				CLANG_WARN_DOCUMENTATION_COMMENTS = YES;
				CLANG_WARN_EMPTY_BODY = YES;
				CLANG_WARN_ENUM_CONVERSION = YES;
				CLANG_WARN_INFINITE_RECURSION = YES;
				CLANG_WARN_INT_CONVERSION = YES;
				CLANG_WARN_NON_LITERAL_NULL_CONVERSION = YES;
				CLANG_WARN_OBJC_LITERAL_CONVERSION = YES;
				CLANG_WARN_OBJC_ROOT_CLASS = YES_ERROR;
				CLANG_WARN_RANGE_LOOP_ANALYSIS = YES;
				CLANG_WARN_STRICT_PROTOTYPES = YES;
				CLANG_WARN_SUSPICIOUS_MOVE = YES;
				CLANG_WARN_UNGUARDED_AVAILABILITY = YES_AGGRESSIVE;
				CLANG_WARN_UNREACHABLE_CODE = YES;
				CLANG_WARN__DUPLICATE_METHOD_MATCH = YES;
				CODE_SIGN_IDENTITY = "iPhone Developer";
				COPY_PHASE_STRIP = NO;
				DEBUG_INFORMATION_FORMAT = "dwarf-with-dsym";
				ENABLE_NS_ASSERTIONS = NO;
				ENABLE_STRICT_OBJC_MSGSEND = YES;
				GCC_C_LANGUAGE_STANDARD = gnu11;
				GCC_NO_COMMON_BLOCKS = YES;
				GCC_WARN_64_TO_32_BIT_CONVERSION = YES;
				GCC_WARN_ABOUT_RETURN_TYPE = YES_ERROR;
				GCC_WARN_UNDECLARED_SELECTOR = YES;
				GCC_WARN_UNINITIALIZED_AUTOS = YES_AGGRESSIVE;
				GCC_WARN_UNUSED_FUNCTION = YES;
				GCC_WARN_UNUSED_VARIABLE = YES;
				IPHONEOS_DEPLOYMENT_TARGET = 11.2;
				MTL_ENABLE_DEBUG_INFO = NO;
				SDKROOT = iphoneos;
				SWIFT_OPTIMIZATION_LEVEL = "-Owholemodule";
				VALIDATE_PRODUCT = YES;
			};
			name = Release;
		};
		9C1B00202021E2F30077CC26 /* Debug */ = {
			isa = XCBuildConfiguration;
			buildSettings = {
				ASSETCATALOG_COMPILER_APPICON_NAME = AppIcon;
				CODE_SIGN_STYLE = Automatic;
				DEVELOPMENT_TEAM = "";
				FRAMEWORK_SEARCH_PATHS = "$(SRCROOT)/../..";
				INFOPLIST_FILE = "$(SRCROOT)/UserPositionSimulatedSwift/Info.plist";
				LD_RUNPATH_SEARCH_PATHS = "$(inherited) @executable_path/Frameworks";
				OTHER_LDFLAGS = (
					"-ObjC",
					"-lc++",
				);
				PRODUCT_BUNDLE_IDENTIFIER = com.locuslabs.ShowFullScreenMapSwift;
				PRODUCT_NAME = "$(TARGET_NAME)";
				SWIFT_OBJC_BRIDGING_HEADER = "./$PROJECT_NAME/Swift-Bridge.h";
				SWIFT_VERSION = 4.0;
				TARGETED_DEVICE_FAMILY = "1,2";
			};
			name = Debug;
		};
		9C1B00212021E2F30077CC26 /* Release */ = {
			isa = XCBuildConfiguration;
			buildSettings = {
				ASSETCATALOG_COMPILER_APPICON_NAME = AppIcon;
				CODE_SIGN_STYLE = Automatic;
				DEVELOPMENT_TEAM = "";
				FRAMEWORK_SEARCH_PATHS = "$(SRCROOT)/../..";
				INFOPLIST_FILE = "$(SRCROOT)/UserPositionSimulatedSwift/Info.plist";
				LD_RUNPATH_SEARCH_PATHS = "$(inherited) @executable_path/Frameworks";
				OTHER_LDFLAGS = (
					"-ObjC",
					"-lc++",
				);
				PRODUCT_BUNDLE_IDENTIFIER = com.locuslabs.ShowFullScreenMapSwift;
				PRODUCT_NAME = "$(TARGET_NAME)";
				SWIFT_OBJC_BRIDGING_HEADER = "./$PROJECT_NAME/Swift-Bridge.h";
				SWIFT_VERSION = 4.0;
				TARGETED_DEVICE_FAMILY = "1,2";
			};
			name = Release;
		};
/* End XCBuildConfiguration section */

/* Begin XCConfigurationList section */
		9C1B00082021E2F30077CC26 /* Build configuration list for PBXProject "UserPositionSimulatedSwift" */ = {
			isa = XCConfigurationList;
			buildConfigurations = (
				9C1B001D2021E2F30077CC26 /* Debug */,
				9C1B001E2021E2F30077CC26 /* Release */,
			);
			defaultConfigurationIsVisible = 0;
			defaultConfigurationName = Release;
		};
		9C1B001F2021E2F30077CC26 /* Build configuration list for PBXNativeTarget "UserPositionSimulatedSwift" */ = {
			isa = XCConfigurationList;
			buildConfigurations = (
				9C1B00202021E2F30077CC26 /* Debug */,
				9C1B00212021E2F30077CC26 /* Release */,
			);
			defaultConfigurationIsVisible = 0;
			defaultConfigurationName = Release;
		};
/* End XCConfigurationList section */
	};
	rootObject = 9C1B00052021E2F30077CC26 /* Project object */;
}
