// !$*UTF8*$!
{
	archiveVersion = 1;
	classes = {
	};
	objectVersion = 48;
	objects = {

/* Begin PBXBuildFile section */
		9CB2CBD72021AF50002E8BD7 /* AppDelegate.m in Sources */ = {isa = PBXBuildFile; fileRef = 9CB2CBD62021AF50002E8BD7 /* AppDelegate.m */; };
		9CB2CBDA2021AF50002E8BD7 /* ViewController.m in Sources */ = {isa = PBXBuildFile; fileRef = 9CB2CBD92021AF50002E8BD7 /* ViewController.m */; };
		9CB2CBDD2021AF50002E8BD7 /* Main.storyboard in Resources */ = {isa = PBXBuildFile; fileRef = 9CB2CBDB2021AF50002E8BD7 /* Main.storyboard */; };
		9CB2CBDF2021AF50002E8BD7 /* Assets.xcassets in Resources */ = {isa = PBXBuildFile; fileRef = 9CB2CBDE2021AF50002E8BD7 /* Assets.xcassets */; };
		9CB2CBE22021AF50002E8BD7 /* LaunchScreen.storyboard in Resources */ = {isa = PBXBuildFile; fileRef = 9CB2CBE02021AF50002E8BD7 /* LaunchScreen.storyboard */; };
		9CB2CBE52021AF50002E8BD7 /* main.m in Sources */ = {isa = PBXBuildFile; fileRef = 9CB2CBE42021AF50002E8BD7 /* main.m */; };
		9CB2CBED2021AF59002E8BD7 /* SystemConfiguration.framework in Frameworks */ = {isa = PBXBuildFile; fileRef = 9CB2CBEC2021AF59002E8BD7 /* SystemConfiguration.framework */; };
		9CB2CBEF2021AF5E002E8BD7 /* WebKit.framework in Frameworks */ = {isa = PBXBuildFile; fileRef = 9CB2CBEE2021AF5E002E8BD7 /* WebKit.framework */; };
		9CB2CBF12021AF80002E8BD7 /* LocusLabsSDK.framework in Frameworks */ = {isa = PBXBuildFile; fileRef = 9CB2CBF02021AF80002E8BD7 /* LocusLabsSDK.framework */; };
		9CB2CBF32021AF96002E8BD7 /* LocusLabsSDK.bundle in Resources */ = {isa = PBXBuildFile; fileRef = 9CB2CBF22021AF95002E8BD7 /* LocusLabsSDK.bundle */; };
/* End PBXBuildFile section */

/* Begin PBXFileReference section */
		9CB2CBD22021AF50002E8BD7 /* SearchGeneral.app */ = {isa = PBXFileReference; explicitFileType = wrapper.application; includeInIndex = 0; path = SearchGeneral.app; sourceTree = BUILT_PRODUCTS_DIR; };
		9CB2CBD52021AF50002E8BD7 /* AppDelegate.h */ = {isa = PBXFileReference; lastKnownFileType = sourcecode.c.h; path = AppDelegate.h; sourceTree = "<group>"; };
		9CB2CBD62021AF50002E8BD7 /* AppDelegate.m */ = {isa = PBXFileReference; lastKnownFileType = sourcecode.c.objc; path = AppDelegate.m; sourceTree = "<group>"; };
		9CB2CBD82021AF50002E8BD7 /* ViewController.h */ = {isa = PBXFileReference; lastKnownFileType = sourcecode.c.h; path = ViewController.h; sourceTree = "<group>"; };
		9CB2CBD92021AF50002E8BD7 /* ViewController.m */ = {isa = PBXFileReference; lastKnownFileType = sourcecode.c.objc; path = ViewController.m; sourceTree = "<group>"; };
		9CB2CBDC2021AF50002E8BD7 /* Base */ = {isa = PBXFileReference; lastKnownFileType = file.storyboard; name = Base; path = Base.lproj/Main.storyboard; sourceTree = "<group>"; };
		9CB2CBDE2021AF50002E8BD7 /* Assets.xcassets */ = {isa = PBXFileReference; lastKnownFileType = folder.assetcatalog; path = Assets.xcassets; sourceTree = "<group>"; };
		9CB2CBE12021AF50002E8BD7 /* Base */ = {isa = PBXFileReference; lastKnownFileType = file.storyboard; name = Base; path = Base.lproj/LaunchScreen.storyboard; sourceTree = "<group>"; };
		9CB2CBE32021AF50002E8BD7 /* Info.plist */ = {isa = PBXFileReference; lastKnownFileType = text.plist.xml; path = Info.plist; sourceTree = "<group>"; };
		9CB2CBE42021AF50002E8BD7 /* main.m */ = {isa = PBXFileReference; lastKnownFileType = sourcecode.c.objc; path = main.m; sourceTree = "<group>"; };
		9CB2CBEC2021AF59002E8BD7 /* SystemConfiguration.framework */ = {isa = PBXFileReference; lastKnownFileType = wrapper.framework; name = SystemConfiguration.framework; path = System/Library/Frameworks/SystemConfiguration.framework; sourceTree = SDKROOT; };
		9CB2CBEE2021AF5E002E8BD7 /* WebKit.framework */ = {isa = PBXFileReference; lastKnownFileType = wrapper.framework; name = WebKit.framework; path = System/Library/Frameworks/WebKit.framework; sourceTree = SDKROOT; };
		9CB2CBF02021AF80002E8BD7 /* LocusLabsSDK.framework */ = {isa = PBXFileReference; lastKnownFileType = wrapper.framework; name = LocusLabsSDK.framework; path = ../../LocusLabsSDK.framework; sourceTree = "<group>"; };
		9CB2CBF22021AF95002E8BD7 /* LocusLabsSDK.bundle */ = {isa = PBXFileReference; lastKnownFileType = "wrapper.plug-in"; name = LocusLabsSDK.bundle; path = ../../../LocusLabsSDK.bundle; sourceTree = "<group>"; };
/* End PBXFileReference section */

/* Begin PBXFrameworksBuildPhase section */
		9CB2CBCF2021AF50002E8BD7 /* Frameworks */ = {
			isa = PBXFrameworksBuildPhase;
			buildActionMask = 2147483647;
			files = (
				9CB2CBF12021AF80002E8BD7 /* LocusLabsSDK.framework in Frameworks */,
				9CB2CBEF2021AF5E002E8BD7 /* WebKit.framework in Frameworks */,
				9CB2CBED2021AF59002E8BD7 /* SystemConfiguration.framework in Frameworks */,
			);
			runOnlyForDeploymentPostprocessing = 0;
		};
/* End PBXFrameworksBuildPhase section */

/* Begin PBXGroup section */
		9CB2CBC92021AF50002E8BD7 = {
			isa = PBXGroup;
			children = (
				9CB2CBD42021AF50002E8BD7 /* SearchGeneral */,
				9CB2CBD32021AF50002E8BD7 /* Products */,
				9CB2CBEB2021AF59002E8BD7 /* Frameworks */,
			);
			sourceTree = "<group>";
		};
		9CB2CBD32021AF50002E8BD7 /* Products */ = {
			isa = PBXGroup;
			children = (
				9CB2CBD22021AF50002E8BD7 /* SearchGeneral.app */,
			);
			name = Products;
			sourceTree = "<group>";
		};
		9CB2CBD42021AF50002E8BD7 /* SearchGeneral */ = {
			isa = PBXGroup;
			children = (
				9CB2CBD52021AF50002E8BD7 /* AppDelegate.h */,
				9CB2CBD62021AF50002E8BD7 /* AppDelegate.m */,
				9CB2CBD82021AF50002E8BD7 /* ViewController.h */,
				9CB2CBD92021AF50002E8BD7 /* ViewController.m */,
				9CB2CBDB2021AF50002E8BD7 /* Main.storyboard */,
				9CB2CBDE2021AF50002E8BD7 /* Assets.xcassets */,
				9CB2CBE02021AF50002E8BD7 /* LaunchScreen.storyboard */,
				9CB2CBE32021AF50002E8BD7 /* Info.plist */,
				9CB2CBF22021AF95002E8BD7 /* LocusLabsSDK.bundle */,
				9CB2CBE42021AF50002E8BD7 /* main.m */,
			);
			path = SearchGeneral;
			sourceTree = "<group>";
		};
		9CB2CBEB2021AF59002E8BD7 /* Frameworks */ = {
			isa = PBXGroup;
			children = (
				9CB2CBF02021AF80002E8BD7 /* LocusLabsSDK.framework */,
				9CB2CBEE2021AF5E002E8BD7 /* WebKit.framework */,
				9CB2CBEC2021AF59002E8BD7 /* SystemConfiguration.framework */,
			);
			name = Frameworks;
			sourceTree = "<group>";
		};
/* End PBXGroup section */

/* Begin PBXNativeTarget section */
		9CB2CBD12021AF50002E8BD7 /* SearchGeneral */ = {
			isa = PBXNativeTarget;
			buildConfigurationList = 9CB2CBE82021AF50002E8BD7 /* Build configuration list for PBXNativeTarget "SearchGeneral" */;
			buildPhases = (
				9CB2CBCE2021AF50002E8BD7 /* Sources */,
				9CB2CBCF2021AF50002E8BD7 /* Frameworks */,
				9CB2CBD02021AF50002E8BD7 /* Resources */,
			);
			buildRules = (
			);
			dependencies = (
			);
			name = SearchGeneral;
			productName = ShowFullscreenMap;
			productReference = 9CB2CBD22021AF50002E8BD7 /* SearchGeneral.app */;
			productType = "com.apple.product-type.application";
		};
/* End PBXNativeTarget section */

/* Begin PBXProject section */
		9CB2CBCA2021AF50002E8BD7 /* Project object */ = {
			isa = PBXProject;
			attributes = {
				LastUpgradeCheck = 0920;
				ORGANIZATIONNAME = LocusLabs;
				TargetAttributes = {
					9CB2CBD12021AF50002E8BD7 = {
						CreatedOnToolsVersion = 9.2;
						ProvisioningStyle = Automatic;
					};
				};
			};
			buildConfigurationList = 9CB2CBCD2021AF50002E8BD7 /* Build configuration list for PBXProject "SearchGeneral" */;
			compatibilityVersion = "Xcode 8.0";
			developmentRegion = en;
			hasScannedForEncodings = 0;
			knownRegions = (
				en,
				Base,
			);
			mainGroup = 9CB2CBC92021AF50002E8BD7;
			productRefGroup = 9CB2CBD32021AF50002E8BD7 /* Products */;
			projectDirPath = "";
			projectRoot = "";
			targets = (
				9CB2CBD12021AF50002E8BD7 /* SearchGeneral */,
			);
		};
/* End PBXProject section */

/* Begin PBXResourcesBuildPhase section */
		9CB2CBD02021AF50002E8BD7 /* Resources */ = {
			isa = PBXResourcesBuildPhase;
			buildActionMask = 2147483647;
			files = (
				9CB2CBE22021AF50002E8BD7 /* LaunchScreen.storyboard in Resources */,
				9CB2CBF32021AF96002E8BD7 /* LocusLabsSDK.bundle in Resources */,
				9CB2CBDF2021AF50002E8BD7 /* Assets.xcassets in Resources */,
				9CB2CBDD2021AF50002E8BD7 /* Main.storyboard in Resources */,
			);
			runOnlyForDeploymentPostprocessing = 0;
		};
/* End PBXResourcesBuildPhase section */

/* Begin PBXSourcesBuildPhase section */
		9CB2CBCE2021AF50002E8BD7 /* Sources */ = {
			isa = PBXSourcesBuildPhase;
			buildActionMask = 2147483647;
			files = (
				9CB2CBDA2021AF50002E8BD7 /* ViewController.m in Sources */,
				9CB2CBE52021AF50002E8BD7 /* main.m in Sources */,
				9CB2CBD72021AF50002E8BD7 /* AppDelegate.m in Sources */,
			);
			runOnlyForDeploymentPostprocessing = 0;
		};
/* End PBXSourcesBuildPhase section */

/* Begin PBXVariantGroup section */
		9CB2CBDB2021AF50002E8BD7 /* Main.storyboard */ = {
			isa = PBXVariantGroup;
			children = (
				9CB2CBDC2021AF50002E8BD7 /* Base */,
			);
			name = Main.storyboard;
			sourceTree = "<group>";
		};
		9CB2CBE02021AF50002E8BD7 /* LaunchScreen.storyboard */ = {
			isa = PBXVariantGroup;
			children = (
				9CB2CBE12021AF50002E8BD7 /* Base */,
			);
			name = LaunchScreen.storyboard;
			sourceTree = "<group>";
		};
/* End PBXVariantGroup section */

/* Begin XCBuildConfiguration section */
		9CB2CBE62021AF50002E8BD7 /* Debug */ = {
			isa = XCBuildConfiguration;
			buildSettings = {
				ALWAYS_SEARCH_USER_PATHS = NO;
				CLANG_ANALYZER_NONNULL = YES;
				CLANG_ANALYZER_NUMBER_OBJECT_CONVERSION = YES_AGGRESSIVE;
				CLANG_CXX_LANGUAGE_STANDARD = "gnu++14";
				CLANG_CXX_LIBRARY = "libc++";
				CLANG_ENABLE_MODULES = YES;
				CLANG_ENABLE_OBJC_ARC = YES;
				CLANG_WARN_BLOCK_CAPTURE_AUTORELEASING = YES;
				CLANG_WARN_BOOL_CONVERSION = YES;
				CLANG_WARN_COMMA = YES;
				CLANG_WARN_CONSTANT_CONVERSION = YES;
				CLANG_WARN_DIRECT_OBJC_ISA_USAGE = YES_ERROR;
				CLANG_WARN_DOCUMENTATION_COMMENTS = YES;
				CLANG_WARN_EMPTY_BODY = YES;
				CLANG_WARN_ENUM_CONVERSION = YES;
				CLANG_WARN_INFINITE_RECURSION = YES;
				CLANG_WARN_INT_CONVERSION = YES;
				CLANG_WARN_NON_LITERAL_NULL_CONVERSION = YES;
				CLANG_WARN_OBJC_LITERAL_CONVERSION = YES;
				CLANG_WARN_OBJC_ROOT_CLASS = YES_ERROR;
				CLANG_WARN_RANGE_LOOP_ANALYSIS = YES;
				CLANG_WARN_STRICT_PROTOTYPES = YES;
				CLANG_WARN_SUSPICIOUS_MOVE = YES;
				CLANG_WARN_UNGUARDED_AVAILABILITY = YES_AGGRESSIVE;
				CLANG_WARN_UNREACHABLE_CODE = YES;
				CLANG_WARN__DUPLICATE_METHOD_MATCH = YES;
				CODE_SIGN_IDENTITY = "iPhone Developer";
				COPY_PHASE_STRIP = NO;
				DEBUG_INFORMATION_FORMAT = dwarf;
				ENABLE_STRICT_OBJC_MSGSEND = YES;
				ENABLE_TESTABILITY = YES;
				GCC_C_LANGUAGE_STANDARD = gnu11;
				GCC_DYNAMIC_NO_PIC = NO;
				GCC_NO_COMMON_BLOCKS = YES;
				GCC_OPTIMIZATION_LEVEL = 0;
				GCC_PREPROCESSOR_DEFINITIONS = (
					"DEBUG=1",
					"$(inherited)",
				);
				GCC_WARN_64_TO_32_BIT_CONVERSION = YES;
				GCC_WARN_ABOUT_RETURN_TYPE = YES_ERROR;
				GCC_WARN_UNDECLARED_SELECTOR = YES;
				GCC_WARN_UNINITIALIZED_AUTOS = YES_AGGRESSIVE;
				GCC_WARN_UNUSED_FUNCTION = YES;
				GCC_WARN_UNUSED_VARIABLE = YES;
				IPHONEOS_DEPLOYMENT_TARGET = 11.2;
				MTL_ENABLE_DEBUG_INFO = YES;
				ONLY_ACTIVE_ARCH = YES;
				SDKROOT = iphoneos;
			};
			name = Debug;
		};
		9CB2CBE72021AF50002E8BD7 /* Release */ = {
			isa = XCBuildConfiguration;
			buildSettings = {
				ALWAYS_SEARCH_USER_PATHS = NO;
				CLANG_ANALYZER_NONNULL = YES;
				CLANG_ANALYZER_NUMBER_OBJECT_CONVERSION = YES_AGGRESSIVE;
				CLANG_CXX_LANGUAGE_STANDARD = "gnu++14";
				CLANG_CXX_LIBRARY = "libc++";
				CLANG_ENABLE_MODULES = YES;
				CLANG_ENABLE_OBJC_ARC = YES;
				CLANG_WARN_BLOCK_CAPTURE_AUTORELEASING = YES;
				CLANG_WARN_BOOL_CONVERSION = YES;
				CLANG_WARN_COMMA = YES;
				CLANG_WARN_CONSTANT_CONVERSION = YES;
				CLANG_WARN_DIRECT_OBJC_ISA_USAGE = YES_ERROR;
				CLANG_WARN_DOCUMENTATION_COMMENTS = YES;
				CLANG_WARN_EMPTY_BODY = YES;
				CLANG_WARN_ENUM_CONVERSION = YES;
				CLANG_WARN_INFINITE_RECURSION = YES;
				CLANG_WARN_INT_CONVERSION = YES;
				CLANG_WARN_NON_LITERAL_NULL_CONVERSION = YES;
				CLANG_WARN_OBJC_LITERAL_CONVERSION = YES;
				CLANG_WARN_OBJC_ROOT_CLASS = YES_ERROR;
				CLANG_WARN_RANGE_LOOP_ANALYSIS = YES;
				CLANG_WARN_STRICT_PROTOTYPES = YES;
				CLANG_WARN_SUSPICIOUS_MOVE = YES;
				CLANG_WARN_UNGUARDED_AVAILABILITY = YES_AGGRESSIVE;
				CLANG_WARN_UNREACHABLE_CODE = YES;
				CLANG_WARN__DUPLICATE_METHOD_MATCH = YES;
				CODE_SIGN_IDENTITY = "iPhone Developer";
				COPY_PHASE_STRIP = NO;
				DEBUG_INFORMATION_FORMAT = "dwarf-with-dsym";
				ENABLE_NS_ASSERTIONS = NO;
				ENABLE_STRICT_OBJC_MSGSEND = YES;
				GCC_C_LANGUAGE_STANDARD = gnu11;
				GCC_NO_COMMON_BLOCKS = YES;
				GCC_WARN_64_TO_32_BIT_CONVERSION = YES;
				GCC_WARN_ABOUT_RETURN_TYPE = YES_ERROR;
				GCC_WARN_UNDECLARED_SELECTOR = YES;
				GCC_WARN_UNINITIALIZED_AUTOS = YES_AGGRESSIVE;
				GCC_WARN_UNUSED_FUNCTION = YES;
				GCC_WARN_UNUSED_VARIABLE = YES;
				IPHONEOS_DEPLOYMENT_TARGET = 11.2;
				MTL_ENABLE_DEBUG_INFO = NO;
				SDKROOT = iphoneos;
				VALIDATE_PRODUCT = YES;
			};
			name = Release;
		};
		9CB2CBE92021AF50002E8BD7 /* Debug */ = {
			isa = XCBuildConfiguration;
			buildSettings = {
				ASSETCATALOG_COMPILER_APPICON_NAME = AppIcon;
				CODE_SIGN_STYLE = Automatic;
				DEVELOPMENT_TEAM = "";
				FRAMEWORK_SEARCH_PATHS = (
					"$(inherited)",
					"$(PROJECT_DIR)",
					"$(SRCROOT)/../../**",
				);
				INFOPLIST_FILE = "$(SRCROOT)/SearchGeneral/Info.plist";
				LD_RUNPATH_SEARCH_PATHS = "$(inherited) @executable_path/Frameworks";
				OTHER_LDFLAGS = (
					"-ObjC",
					"-lc++",
				);
				PRODUCT_BUNDLE_IDENTIFIER = com.locuslabs.ShowFullscreenMap;
				PRODUCT_NAME = "$(TARGET_NAME)";
				TARGETED_DEVICE_FAMILY = "1,2";
			};
			name = Debug;
		};
		9CB2CBEA2021AF50002E8BD7 /* Release */ = {
			isa = XCBuildConfiguration;
			buildSettings = {
				ASSETCATALOG_COMPILER_APPICON_NAME = AppIcon;
				CODE_SIGN_STYLE = Automatic;
				DEVELOPMENT_TEAM = "";
				FRAMEWORK_SEARCH_PATHS = (
					"$(inherited)",
					"$(PROJECT_DIR)",
					"$(SRCROOT)/../../**",
				);
				INFOPLIST_FILE = "$(SRCROOT)/SearchGeneral/Info.plist";
				LD_RUNPATH_SEARCH_PATHS = "$(inherited) @executable_path/Frameworks";
				OTHER_LDFLAGS = (
					"-ObjC",
					"-lc++",
				);
				PRODUCT_BUNDLE_IDENTIFIER = com.locuslabs.ShowFullscreenMap;
				PRODUCT_NAME = "$(TARGET_NAME)";
				TARGETED_DEVICE_FAMILY = "1,2";
			};
			name = Release;
		};
/* End XCBuildConfiguration section */

/* Begin XCConfigurationList section */
		9CB2CBCD2021AF50002E8BD7 /* Build configuration list for PBXProject "SearchGeneral" */ = {
			isa = XCConfigurationList;
			buildConfigurations = (
				9CB2CBE62021AF50002E8BD7 /* Debug */,
				9CB2CBE72021AF50002E8BD7 /* Release */,
			);
			defaultConfigurationIsVisible = 0;
			defaultConfigurationName = Release;
		};
		9CB2CBE82021AF50002E8BD7 /* Build configuration list for PBXNativeTarget "SearchGeneral" */ = {
			isa = XCConfigurationList;
			buildConfigurations = (
				9CB2CBE92021AF50002E8BD7 /* Debug */,
				9CB2CBEA2021AF50002E8BD7 /* Release */,
			);
			defaultConfigurationIsVisible = 0;
			defaultConfigurationName = Release;
		};
/* End XCConfigurationList section */
	};
	rootObject = 9CB2CBCA2021AF50002E8BD7 /* Project object */;
}
